
Microsoft Visual Studio Solution File, Format Version 12.00
# Visual Studio Version 17
VisualStudioVersion = 17.7.34031.279
MinimumVisualStudioVersion = 10.0.40219.1
Project("{FAE04EC0-301F-11D3-BF4B-00C04F79EFBC}") = "Chapter_2_Language_Basic", "Chapter_2_Language_Basic\Chapter_2_Language_Basic.csproj", "{94ED3298-BC76-4404-8236-F9C08850C53C}"
EndProject
Global
	GlobalSection(SolutionConfigurationPlatforms) = preSolution
		Debug|Any CPU = Debug|Any CPU
		Release|Any CPU = Release|Any CPU
	EndGlobalSection
	GlobalSection(ProjectConfigurationPlatforms) = postSolution
		{94ED3298-BC76-4404-8236-F9C08850C53C}.Debug|Any CPU.ActiveCfg = Debug|Any CPU
		{94ED3298-BC76-4404-8236-F9C08850C53C}.Debug|Any CPU.Build.0 = Debug|Any CPU
		{94ED3298-BC76-4404-8236-F9C08850C53C}.Release|Any CPU.ActiveCfg = Release|Any CPU
		{94ED3298-BC76-4404-8236-F9C08850C53C}.Release|Any CPU.Build.0 = Release|Any CPU
	EndGlobalSection
	GlobalSection(SolutionProperties) = preSolution
		HideSolutionNode = FALSE
	EndGlobalSection
	GlobalSection(ExtensibilityGlobals) = postSolution
		SolutionGuid = {3B9FA18C-6864-4A5E-8D60-1F9C674072CC}
	EndGlobalSection
EndGlobal
